
Microsoft Visual Studio Solution File, Format Version 12.00
# Visual Studio Version 17
VisualStudioVersion = 17.11.35312.102
MinimumVisualStudioVersion = 10.0.40219.1
Project("{2150E333-8FDC-42A3-9474-1A3956D46DE8}") = "Task 0", "Task 0", "{D0C19D16-1933-4C50-8912-8CA96D0A39FB}"
EndProject
Project("{9A19103F-16F7-4668-BE54-9A1E7A4F7556}") = "Tyuiu.MironenkoSE.Sprint5.Task0.V13", "Tyuiu.MironenkoSE.Sprint5.Task0.V13\Tyuiu.MironenkoSE.Sprint5.Task0.V13.csproj", "{29F00F52-E609-4458-BC35-95A7C21C5822}"
EndProject
Project("{9A19103F-16F7-4668-BE54-9A1E7A4F7556}") = "Tyuiu.MironenkoSE.Sprint5.Task0.V13.Test", "Tyuiu.MironenkoSE.Sprint5.Task0.V13.Test\Tyuiu.MironenkoSE.Sprint5.Task0.V13.Test.csproj", "{D7A91DF4-26BF-4781-A17D-8354BB8B88FA}"
EndProject
Project("{9A19103F-16F7-4668-BE54-9A1E7A4F7556}") = "Tyuiu.MironenkoSE.Sprint5.Task0.V13.Lib", "Tyuiu.MironenkoSE.Sprint5.Task0.V13.Lib\Tyuiu.MironenkoSE.Sprint5.Task0.V13.Lib.csproj", "{6D6BD952-C2F8-4D22-B83E-7CF93C928D45}"
EndProject
Project("{2150E333-8FDC-42A3-9474-1A3956D46DE8}") = "Task 1", "Task 1", "{BD939206-84B5-4E00-AA2E-F2A671488085}"
EndProject
Project("{9A19103F-16F7-4668-BE54-9A1E7A4F7556}") = "Tyuiu.MironenkoSE.Sprint5.Task1.V24.Lib", "Tyuiu.MironenkoSE.Sprint5.Task1.V24.Lib\Tyuiu.MironenkoSE.Sprint5.Task1.V24.Lib.csproj", "{65A17115-D3A3-473B-92E3-F72694704ECB}"
EndProject
Project("{9A19103F-16F7-4668-BE54-9A1E7A4F7556}") = "Tyuiu.MironenkoSE.Sprint5.Task1.V24.Test", "Tyuiu.MironenkoSE.Sprint5.Task1.V24.Test\Tyuiu.MironenkoSE.Sprint5.Task1.V24.Test.csproj", "{1A259903-D9B3-4720-A8BA-2EFB8C7FC25A}"
EndProject
Project("{9A19103F-16F7-4668-BE54-9A1E7A4F7556}") = "Tyuiu.MironenkoSE.Sprint5.Task1.V24", "Tyuiu.MironenkoSE.Sprint5.Task1.V24\Tyuiu.MironenkoSE.Sprint5.Task1.V24.csproj", "{3E9C2685-8149-431B-8F00-EFD52F947131}"
EndProject
Project("{2150E333-8FDC-42A3-9474-1A3956D46DE8}") = "Task 2", "Task 2", "{556F09AD-F088-45F9-A418-C27613725D06}"
EndProject
Project("{9A19103F-16F7-4668-BE54-9A1E7A4F7556}") = "Tyuiu.MironenkoSE.Sprint5.Task2.V18", "Tyuiu.MironenkoSE.Sprint5.Task2.V18\Tyuiu.MironenkoSE.Sprint5.Task2.V18.csproj", "{911C5582-5E7C-4CA7-A302-3B97C6E60327}"
EndProject
Project("{9A19103F-16F7-4668-BE54-9A1E7A4F7556}") = "Tyuiu.MironenkoSE.Sprint5.Task2.V18.Test", "Tyuiu.MironenkoSE.Sprint5.Task2.V18.Test\Tyuiu.MironenkoSE.Sprint5.Task2.V18.Test.csproj", "{A2F00EF3-0930-4D10-A87B-71284A0AA0CD}"
EndProject
Project("{9A19103F-16F7-4668-BE54-9A1E7A4F7556}") = "Tyuiu.MironenkoSE.Sprint5.Task2.V18.Lib", "Tyuiu.MironenkoSE.Sprint5.Task2.V18.Lib\Tyuiu.MironenkoSE.Sprint5.Task2.V18.Lib.csproj", "{01BF90E6-0195-4C15-9E4B-DAC6F79A22E4}"
EndProject
Project("{2150E333-8FDC-42A3-9474-1A3956D46DE8}") = "Task 3", "Task 3", "{1207951A-AE9F-491B-B542-FE15463A57E7}"
EndProject
Project("{9A19103F-16F7-4668-BE54-9A1E7A4F7556}") = "Tyuiu.MironenkoSE.Sprint5.Task3.V17.Lib", "Tyuiu.MironenkoSE.Sprint5.Task3.V17.Lib\Tyuiu.MironenkoSE.Sprint5.Task3.V17.Lib.csproj", "{F7A6B12F-A8DA-419F-B99D-93809987EF39}"
EndProject
Project("{9A19103F-16F7-4668-BE54-9A1E7A4F7556}") = "Tyuiu.MironenkoSE.Sprint5.Task3.V17.Test", "Tyuiu.MironenkoSE.Sprint5.Task3.V17.Test\Tyuiu.MironenkoSE.Sprint5.Task3.V17.Test.csproj", "{35C79B2B-8AD2-4149-8880-56D8CE0FFB56}"
EndProject
Project("{9A19103F-16F7-4668-BE54-9A1E7A4F7556}") = "Tyuiu.MironenkoSE.Sprint5.Task3.V17", "Tyuiu.MironenkoSE.Sprint5.Task3.V17\Tyuiu.MironenkoSE.Sprint5.Task3.V17.csproj", "{1EFADCF1-7904-4AFC-86A1-1D869EC4E3E7}"
EndProject
Project("{2150E333-8FDC-42A3-9474-1A3956D46DE8}") = "Task 4", "Task 4", "{0D98E146-DB57-4DE1-AA2F-785E19FD7DA9}"
EndProject
Project("{9A19103F-16F7-4668-BE54-9A1E7A4F7556}") = "Tyuiu.MironenkoSE.Sprint5.Task4.V1", "Tyuiu.MironenkoSE.Sprint5.Task4.V1\Tyuiu.MironenkoSE.Sprint5.Task4.V1.csproj", "{D639C226-FDA1-4B65-952D-6701463E58FF}"
EndProject
Project("{9A19103F-16F7-4668-BE54-9A1E7A4F7556}") = "Tyuiu.MironenkoSE.Sprint5.Task4.V1.Test", "Tyuiu.MironenkoSE.Sprint5.Task4.V1.Test\Tyuiu.MironenkoSE.Sprint5.Task4.V1.Test.csproj", "{187921D5-4DD7-49F1-B37D-4C30F9760D26}"
EndProject
Project("{9A19103F-16F7-4668-BE54-9A1E7A4F7556}") = "Tyuiu.MironenkoSE.Sprint5.Task4.V1.Lib", "Tyuiu.MironenkoSE.Sprint5.Task4.V1.Lib\Tyuiu.MironenkoSE.Sprint5.Task4.V1.Lib.csproj", "{C554A849-2C63-47FB-AC4B-47A6322B3460}"
EndProject
Project("{2150E333-8FDC-42A3-9474-1A3956D46DE8}") = "Task 5", "Task 5", "{19DE5567-9531-406B-AC27-102909AA8451}"
EndProject
Project("{9A19103F-16F7-4668-BE54-9A1E7A4F7556}") = "Tyuiu.MironenkoSE.Sprint5.Task5.V29.Lib", "Tyuiu.MironenkoSE.Sprint5.Task5.V29.Lib\Tyuiu.MironenkoSE.Sprint5.Task5.V29.Lib.csproj", "{ECA91675-176C-4702-9F5B-27528225AC16}"
EndProject
Project("{9A19103F-16F7-4668-BE54-9A1E7A4F7556}") = "Tyuiu.MironenkoSE.Sprint5.Task5.V29.Test", "Tyuiu.MironenkoSE.Sprint5.Task5.V29.Test\Tyuiu.MironenkoSE.Sprint5.Task5.V29.Test.csproj", "{D58079CE-6D2E-4BAC-B29D-1DE0AF6D2CE7}"
EndProject
Project("{9A19103F-16F7-4668-BE54-9A1E7A4F7556}") = "Tyuiu.MironenkoSE.Sprint5.Task5.V29", "Tyuiu.MironenkoSE.Sprint5.Task5.V29\Tyuiu.MironenkoSE.Sprint5.Task5.V29.csproj", "{F491778E-5E5E-40A8-BED2-698A86294103}"
EndProject
Project("{2150E333-8FDC-42A3-9474-1A3956D46DE8}") = "Task 7", "Task 7", "{5338F406-C2B6-463F-8872-D039B81F06D9}"
EndProject
Project("{9A19103F-16F7-4668-BE54-9A1E7A4F7556}") = "Tyuiu.MironenkoSE.Sprint5.Task7.V17.Lib", "Tyuiu.MironenkoSE.Sprint5.Task7.V17.Lib\Tyuiu.MironenkoSE.Sprint5.Task7.V17.Lib.csproj", "{6191D175-DE2B-426E-9992-20A71032EF1B}"
EndProject
Project("{9A19103F-16F7-4668-BE54-9A1E7A4F7556}") = "Tyuiu.MironenkoSE.Sprint5.Task7.V17.Test", "Tyuiu.MironenkoSE.Sprint5.Task7.V17.Test\Tyuiu.MironenkoSE.Sprint5.Task7.V17.Test.csproj", "{CB058679-460F-4419-9472-5419B855A0FD}"
EndProject
Project("{9A19103F-16F7-4668-BE54-9A1E7A4F7556}") = "Tyuiu.MironenkoSE.Sprint5.Task7.V17", "Tyuiu.MironenkoSE.Sprint5.Task7.V17\Tyuiu.MironenkoSE.Sprint5.Task7.V17.csproj", "{8E911FEF-DDBA-4E52-9D8A-C46F00A2E875}"
EndProject
Project("{2150E333-8FDC-42A3-9474-1A3956D46DE8}") = "Task 6", "Task 6", "{0AB3916E-CBCA-458E-9A9B-66CB9540FDC8}"
EndProject
Project("{FAE04EC0-301F-11D3-BF4B-00C04F79EFBC}") = "Tyuiu.MironenkoSE.Sprint5.Task6.V15", "Tyuiu.MironenkoSE.Sprint5.Task6.V15\Tyuiu.MironenkoSE.Sprint5.Task6.V15.csproj", "{A26B16DB-0689-44F9-99D8-8FE24B84E893}"
EndProject
Project("{FAE04EC0-301F-11D3-BF4B-00C04F79EFBC}") = "Tyuiu.MironenkoSE.Sprint5.Task6.V15.Test", "Tyuiu.MironenkoSE.Sprint5.Task6.V15.Test\Tyuiu.MironenkoSE.Sprint5.Task6.V15.Test.csproj", "{EC912B93-5975-47CF-8527-577D64DA730D}"
EndProject
Project("{FAE04EC0-301F-11D3-BF4B-00C04F79EFBC}") = "Tyuiu.MironenkoSE.Sprint5.Task6.V15.Lib", "Tyuiu.MironenkoSE.Sprint5.Task6.V15.Lib\Tyuiu.MironenkoSE.Sprint5.Task6.V15.Lib.csproj", "{771A94C2-1874-4E1E-A76F-1BFB237D9A53}"
EndProject
Global
	GlobalSection(SolutionConfigurationPlatforms) = preSolution
		Debug|Any CPU = Debug|Any CPU
		Release|Any CPU = Release|Any CPU
	EndGlobalSection
	GlobalSection(ProjectConfigurationPlatforms) = postSolution
		{29F00F52-E609-4458-BC35-95A7C21C5822}.Debug|Any CPU.ActiveCfg = Debug|Any CPU
		{29F00F52-E609-4458-BC35-95A7C21C5822}.Debug|Any CPU.Build.0 = Debug|Any CPU
		{29F00F52-E609-4458-BC35-95A7C21C5822}.Release|Any CPU.ActiveCfg = Release|Any CPU
		{29F00F52-E609-4458-BC35-95A7C21C5822}.Release|Any CPU.Build.0 = Release|Any CPU
		{D7A91DF4-26BF-4781-A17D-8354BB8B88FA}.Debug|Any CPU.ActiveCfg = Debug|Any CPU
		{D7A91DF4-26BF-4781-A17D-8354BB8B88FA}.Debug|Any CPU.Build.0 = Debug|Any CPU
		{D7A91DF4-26BF-4781-A17D-8354BB8B88FA}.Release|Any CPU.ActiveCfg = Release|Any CPU
		{D7A91DF4-26BF-4781-A17D-8354BB8B88FA}.Release|Any CPU.Build.0 = Release|Any CPU
		{6D6BD952-C2F8-4D22-B83E-7CF93C928D45}.Debug|Any CPU.ActiveCfg = Debug|Any CPU
		{6D6BD952-C2F8-4D22-B83E-7CF93C928D45}.Debug|Any CPU.Build.0 = Debug|Any CPU
		{6D6BD952-C2F8-4D22-B83E-7CF93C928D45}.Release|Any CPU.ActiveCfg = Release|Any CPU
		{6D6BD952-C2F8-4D22-B83E-7CF93C928D45}.Release|Any CPU.Build.0 = Release|Any CPU
		{65A17115-D3A3-473B-92E3-F72694704ECB}.Debug|Any CPU.ActiveCfg = Debug|Any CPU
		{65A17115-D3A3-473B-92E3-F72694704ECB}.Debug|Any CPU.Build.0 = Debug|Any CPU
		{65A17115-D3A3-473B-92E3-F72694704ECB}.Release|Any CPU.ActiveCfg = Release|Any CPU
		{65A17115-D3A3-473B-92E3-F72694704ECB}.Release|Any CPU.Build.0 = Release|Any CPU
		{1A259903-D9B3-4720-A8BA-2EFB8C7FC25A}.Debug|Any CPU.ActiveCfg = Debug|Any CPU
		{1A259903-D9B3-4720-A8BA-2EFB8C7FC25A}.Debug|Any CPU.Build.0 = Debug|Any CPU
		{1A259903-D9B3-4720-A8BA-2EFB8C7FC25A}.Release|Any CPU.ActiveCfg = Release|Any CPU
		{1A259903-D9B3-4720-A8BA-2EFB8C7FC25A}.Release|Any CPU.Build.0 = Release|Any CPU
		{3E9C2685-8149-431B-8F00-EFD52F947131}.Debug|Any CPU.ActiveCfg = Debug|Any CPU
		{3E9C2685-8149-431B-8F00-EFD52F947131}.Debug|Any CPU.Build.0 = Debug|Any CPU
		{3E9C2685-8149-431B-8F00-EFD52F947131}.Release|Any CPU.ActiveCfg = Release|Any CPU
		{3E9C2685-8149-431B-8F00-EFD52F947131}.Release|Any CPU.Build.0 = Release|Any CPU
		{911C5582-5E7C-4CA7-A302-3B97C6E60327}.Debug|Any CPU.ActiveCfg = Debug|Any CPU
		{911C5582-5E7C-4CA7-A302-3B97C6E60327}.Debug|Any CPU.Build.0 = Debug|Any CPU
		{911C5582-5E7C-4CA7-A302-3B97C6E60327}.Release|Any CPU.ActiveCfg = Release|Any CPU
		{911C5582-5E7C-4CA7-A302-3B97C6E60327}.Release|Any CPU.Build.0 = Release|Any CPU
		{A2F00EF3-0930-4D10-A87B-71284A0AA0CD}.Debug|Any CPU.ActiveCfg = Debug|Any CPU
		{A2F00EF3-0930-4D10-A87B-71284A0AA0CD}.Debug|Any CPU.Build.0 = Debug|Any CPU
		{A2F00EF3-0930-4D10-A87B-71284A0AA0CD}.Release|Any CPU.ActiveCfg = Release|Any CPU
		{A2F00EF3-0930-4D10-A87B-71284A0AA0CD}.Release|Any CPU.Build.0 = Release|Any CPU
		{01BF90E6-0195-4C15-9E4B-DAC6F79A22E4}.Debug|Any CPU.ActiveCfg = Debug|Any CPU
		{01BF90E6-0195-4C15-9E4B-DAC6F79A22E4}.Debug|Any CPU.Build.0 = Debug|Any CPU
		{01BF90E6-0195-4C15-9E4B-DAC6F79A22E4}.Release|Any CPU.ActiveCfg = Release|Any CPU
		{01BF90E6-0195-4C15-9E4B-DAC6F79A22E4}.Release|Any CPU.Build.0 = Release|Any CPU
		{F7A6B12F-A8DA-419F-B99D-93809987EF39}.Debug|Any CPU.ActiveCfg = Debug|Any CPU
		{F7A6B12F-A8DA-419F-B99D-93809987EF39}.Debug|Any CPU.Build.0 = Debug|Any CPU
		{F7A6B12F-A8DA-419F-B99D-93809987EF39}.Release|Any CPU.ActiveCfg = Release|Any CPU
		{F7A6B12F-A8DA-419F-B99D-93809987EF39}.Release|Any CPU.Build.0 = Release|Any CPU
		{35C79B2B-8AD2-4149-8880-56D8CE0FFB56}.Debug|Any CPU.ActiveCfg = Debug|Any CPU
		{35C79B2B-8AD2-4149-8880-56D8CE0FFB56}.Debug|Any CPU.Build.0 = Debug|Any CPU
		{35C79B2B-8AD2-4149-8880-56D8CE0FFB56}.Release|Any CPU.ActiveCfg = Release|Any CPU
		{35C79B2B-8AD2-4149-8880-56D8CE0FFB56}.Release|Any CPU.Build.0 = Release|Any CPU
		{1EFADCF1-7904-4AFC-86A1-1D869EC4E3E7}.Debug|Any CPU.ActiveCfg = Debug|Any CPU
		{1EFADCF1-7904-4AFC-86A1-1D869EC4E3E7}.Debug|Any CPU.Build.0 = Debug|Any CPU
		{1EFADCF1-7904-4AFC-86A1-1D869EC4E3E7}.Release|Any CPU.ActiveCfg = Release|Any CPU
		{1EFADCF1-7904-4AFC-86A1-1D869EC4E3E7}.Release|Any CPU.Build.0 = Release|Any CPU
		{D639C226-FDA1-4B65-952D-6701463E58FF}.Debug|Any CPU.ActiveCfg = Debug|Any CPU
		{D639C226-FDA1-4B65-952D-6701463E58FF}.Debug|Any CPU.Build.0 = Debug|Any CPU
		{D639C226-FDA1-4B65-952D-6701463E58FF}.Release|Any CPU.ActiveCfg = Release|Any CPU
		{D639C226-FDA1-4B65-952D-6701463E58FF}.Release|Any CPU.Build.0 = Release|Any CPU
		{187921D5-4DD7-49F1-B37D-4C30F9760D26}.Debug|Any CPU.ActiveCfg = Debug|Any CPU
		{187921D5-4DD7-49F1-B37D-4C30F9760D26}.Debug|Any CPU.Build.0 = Debug|Any CPU
		{187921D5-4DD7-49F1-B37D-4C30F9760D26}.Release|Any CPU.ActiveCfg = Release|Any CPU
		{187921D5-4DD7-49F1-B37D-4C30F9760D26}.Release|Any CPU.Build.0 = Release|Any CPU
		{C554A849-2C63-47FB-AC4B-47A6322B3460}.Debug|Any CPU.ActiveCfg = Debug|Any CPU
		{C554A849-2C63-47FB-AC4B-47A6322B3460}.Debug|Any CPU.Build.0 = Debug|Any CPU
		{C554A849-2C63-47FB-AC4B-47A6322B3460}.Release|Any CPU.ActiveCfg = Release|Any CPU
		{C554A849-2C63-47FB-AC4B-47A6322B3460}.Release|Any CPU.Build.0 = Release|Any CPU
		{ECA91675-176C-4702-9F5B-27528225AC16}.Debug|Any CPU.ActiveCfg = Debug|Any CPU
		{ECA91675-176C-4702-9F5B-27528225AC16}.Debug|Any CPU.Build.0 = Debug|Any CPU
		{ECA91675-176C-4702-9F5B-27528225AC16}.Release|Any CPU.ActiveCfg = Release|Any CPU
		{ECA91675-176C-4702-9F5B-27528225AC16}.Release|Any CPU.Build.0 = Release|Any CPU
		{D58079CE-6D2E-4BAC-B29D-1DE0AF6D2CE7}.Debug|Any CPU.ActiveCfg = Debug|Any CPU
		{D58079CE-6D2E-4BAC-B29D-1DE0AF6D2CE7}.Debug|Any CPU.Build.0 = Debug|Any CPU
		{D58079CE-6D2E-4BAC-B29D-1DE0AF6D2CE7}.Release|Any CPU.ActiveCfg = Release|Any CPU
		{D58079CE-6D2E-4BAC-B29D-1DE0AF6D2CE7}.Release|Any CPU.Build.0 = Release|Any CPU
		{F491778E-5E5E-40A8-BED2-698A86294103}.Debug|Any CPU.ActiveCfg = Debug|Any CPU
		{F491778E-5E5E-40A8-BED2-698A86294103}.Debug|Any CPU.Build.0 = Debug|Any CPU
		{F491778E-5E5E-40A8-BED2-698A86294103}.Release|Any CPU.ActiveCfg = Release|Any CPU
		{F491778E-5E5E-40A8-BED2-698A86294103}.Release|Any CPU.Build.0 = Release|Any CPU
		{6191D175-DE2B-426E-9992-20A71032EF1B}.Debug|Any CPU.ActiveCfg = Debug|Any CPU
		{6191D175-DE2B-426E-9992-20A71032EF1B}.Debug|Any CPU.Build.0 = Debug|Any CPU
		{6191D175-DE2B-426E-9992-20A71032EF1B}.Release|Any CPU.ActiveCfg = Release|Any CPU
		{6191D175-DE2B-426E-9992-20A71032EF1B}.Release|Any CPU.Build.0 = Release|Any CPU
		{CB058679-460F-4419-9472-5419B855A0FD}.Debug|Any CPU.ActiveCfg = Debug|Any CPU
		{CB058679-460F-4419-9472-5419B855A0FD}.Debug|Any CPU.Build.0 = Debug|Any CPU
		{CB058679-460F-4419-9472-5419B855A0FD}.Release|Any CPU.ActiveCfg = Release|Any CPU
		{CB058679-460F-4419-9472-5419B855A0FD}.Release|Any CPU.Build.0 = Release|Any CPU
		{8E911FEF-DDBA-4E52-9D8A-C46F00A2E875}.Debug|Any CPU.ActiveCfg = Debug|Any CPU
		{8E911FEF-DDBA-4E52-9D8A-C46F00A2E875}.Debug|Any CPU.Build.0 = Debug|Any CPU
		{8E911FEF-DDBA-4E52-9D8A-C46F00A2E875}.Release|Any CPU.ActiveCfg = Release|Any CPU
		{8E911FEF-DDBA-4E52-9D8A-C46F00A2E875}.Release|Any CPU.Build.0 = Release|Any CPU
		{A26B16DB-0689-44F9-99D8-8FE24B84E893}.Debug|Any CPU.ActiveCfg = Debug|Any CPU
		{A26B16DB-0689-44F9-99D8-8FE24B84E893}.Debug|Any CPU.Build.0 = Debug|Any CPU
		{A26B16DB-0689-44F9-99D8-8FE24B84E893}.Release|Any CPU.ActiveCfg = Release|Any CPU
		{A26B16DB-0689-44F9-99D8-8FE24B84E893}.Release|Any CPU.Build.0 = Release|Any CPU
		{EC912B93-5975-47CF-8527-577D64DA730D}.Debug|Any CPU.ActiveCfg = Debug|Any CPU
		{EC912B93-5975-47CF-8527-577D64DA730D}.Debug|Any CPU.Build.0 = Debug|Any CPU
		{EC912B93-5975-47CF-8527-577D64DA730D}.Release|Any CPU.ActiveCfg = Release|Any CPU
		{EC912B93-5975-47CF-8527-577D64DA730D}.Release|Any CPU.Build.0 = Release|Any CPU
		{771A94C2-1874-4E1E-A76F-1BFB237D9A53}.Debug|Any CPU.ActiveCfg = Debug|Any CPU
		{771A94C2-1874-4E1E-A76F-1BFB237D9A53}.Debug|Any CPU.Build.0 = Debug|Any CPU
		{771A94C2-1874-4E1E-A76F-1BFB237D9A53}.Release|Any CPU.ActiveCfg = Release|Any CPU
		{771A94C2-1874-4E1E-A76F-1BFB237D9A53}.Release|Any CPU.Build.0 = Release|Any CPU
	EndGlobalSection
	GlobalSection(SolutionProperties) = preSolution
		HideSolutionNode = FALSE
	EndGlobalSection
	GlobalSection(NestedProjects) = preSolution
		{29F00F52-E609-4458-BC35-95A7C21C5822} = {D0C19D16-1933-4C50-8912-8CA96D0A39FB}
		{D7A91DF4-26BF-4781-A17D-8354BB8B88FA} = {D0C19D16-1933-4C50-8912-8CA96D0A39FB}
		{6D6BD952-C2F8-4D22-B83E-7CF93C928D45} = {D0C19D16-1933-4C50-8912-8CA96D0A39FB}
		{65A17115-D3A3-473B-92E3-F72694704ECB} = {BD939206-84B5-4E00-AA2E-F2A671488085}
		{1A259903-D9B3-4720-A8BA-2EFB8C7FC25A} = {BD939206-84B5-4E00-AA2E-F2A671488085}
		{3E9C2685-8149-431B-8F00-EFD52F947131} = {BD939206-84B5-4E00-AA2E-F2A671488085}
		{911C5582-5E7C-4CA7-A302-3B97C6E60327} = {556F09AD-F088-45F9-A418-C27613725D06}
		{A2F00EF3-0930-4D10-A87B-71284A0AA0CD} = {556F09AD-F088-45F9-A418-C27613725D06}
		{01BF90E6-0195-4C15-9E4B-DAC6F79A22E4} = {556F09AD-F088-45F9-A418-C27613725D06}
		{F7A6B12F-A8DA-419F-B99D-93809987EF39} = {1207951A-AE9F-491B-B542-FE15463A57E7}
		{35C79B2B-8AD2-4149-8880-56D8CE0FFB56} = {1207951A-AE9F-491B-B542-FE15463A57E7}
		{1EFADCF1-7904-4AFC-86A1-1D869EC4E3E7} = {1207951A-AE9F-491B-B542-FE15463A57E7}
		{D639C226-FDA1-4B65-952D-6701463E58FF} = {0D98E146-DB57-4DE1-AA2F-785E19FD7DA9}
		{187921D5-4DD7-49F1-B37D-4C30F9760D26} = {0D98E146-DB57-4DE1-AA2F-785E19FD7DA9}
		{C554A849-2C63-47FB-AC4B-47A6322B3460} = {0D98E146-DB57-4DE1-AA2F-785E19FD7DA9}
		{ECA91675-176C-4702-9F5B-27528225AC16} = {19DE5567-9531-406B-AC27-102909AA8451}
		{D58079CE-6D2E-4BAC-B29D-1DE0AF6D2CE7} = {19DE5567-9531-406B-AC27-102909AA8451}
		{F491778E-5E5E-40A8-BED2-698A86294103} = {19DE5567-9531-406B-AC27-102909AA8451}
		{6191D175-DE2B-426E-9992-20A71032EF1B} = {5338F406-C2B6-463F-8872-D039B81F06D9}
		{CB058679-460F-4419-9472-5419B855A0FD} = {5338F406-C2B6-463F-8872-D039B81F06D9}
		{8E911FEF-DDBA-4E52-9D8A-C46F00A2E875} = {5338F406-C2B6-463F-8872-D039B81F06D9}
		{A26B16DB-0689-44F9-99D8-8FE24B84E893} = {0AB3916E-CBCA-458E-9A9B-66CB9540FDC8}
		{EC912B93-5975-47CF-8527-577D64DA730D} = {0AB3916E-CBCA-458E-9A9B-66CB9540FDC8}
		{771A94C2-1874-4E1E-A76F-1BFB237D9A53} = {0AB3916E-CBCA-458E-9A9B-66CB9540FDC8}
	EndGlobalSection
	GlobalSection(ExtensibilityGlobals) = postSolution
		SolutionGuid = {8031A4AB-F8A4-411C-B672-D6DE27D09BFA}
	EndGlobalSection
EndGlobal
